GEM
  remote: http://rubygems.org/
  specs:
    actionmailer (2.3.10)
      actionpack (= 2.3.10)
    actionpack (2.3.10)
      activesupport (= 2.3.10)
      rack (~> 1.1.0)
    activerecord (2.3.10)
      activesupport (= 2.3.10)
    activeresource (2.3.10)
      activesupport (= 2.3.10)
    activesupport (2.3.10)
    ansi (1.3.0)
    appraisal (0.1)
      bundler
      rake
    aws-sdk (1.0.1)
      httparty (~> 0.7)
      json (~> 1.4)
      nokogiri (~> 1.4.4)
      uuidtools (~> 2.1)
    builder (3.0.0)
    cocaine (0.0.2)
    crack (0.1.8)
    excon (0.5.7)
    fog (0.7.1)
      builder
      excon (>= 0.5.7)
      formatador (>= 0.1.2)
      json
      mime-types
      net-ssh (>= 2.0.23)
      nokogiri (>= 1.4.4)
      ruby-hmac
    formatador (0.1.2)
    httparty (0.7.8)
      crack (= 0.1.8)
    json (1.5.1)
    mime-types (1.16)
    mocha (0.9.9)
      rake
    net-ssh (2.1.0)
    nokogiri (1.4.4)
    rack (1.1.0)
    rails (2.3.10)
      actionmailer (= 2.3.10)
      actionpack (= 2.3.10)
      activerecord (= 2.3.10)
      activeresource (= 2.3.10)
      activesupport (= 2.3.10)
      rake (>= 0.8.3)
    rake (0.8.7)
    rdoc (3.8)
    ruby-hmac (0.4.0)
    shoulda (2.11.3)
    sqlite3-ruby (1.3.2)
    turn (0.8.2)
      ansi (>= 1.2.2)
    uuidtools (2.1.2)

PLATFORMS
  ruby

DEPENDENCIES
  appraisal
  aws-sdk
  bundler
  cocaine
  fog
  mime-types
  mocha
  rails (~> 2.3.0)
  rake
  rdoc
  shoulda
  sqlite3-ruby (~> 1.3.0)
  turn
